// !$*UTF8*$!
{
	archiveVersion = 1;
	classes = {
	};
	objectVersion = 50;
	objects = {

/* Begin PBXBuildFile section */
		FCA3C36924426E9C00DDD522 /* AppDelegate.swift in Sources */ = {isa = PBXBuildFile; fileRef = FCA3C36824426E9C00DDD522 /* AppDelegate.swift */; };
		FCA3C36B24426E9C00DDD522 /* SceneDelegate.swift in Sources */ = {isa = PBXBuildFile; fileRef = FCA3C36A24426E9C00DDD522 /* SceneDelegate.swift */; };
		FCA3C36D24426E9C00DDD522 /* ViewController.swift in Sources */ = {isa = PBXBuildFile; fileRef = FCA3C36C24426E9C00DDD522 /* ViewController.swift */; };
		FCA3C37024426E9D00DDD522 /* Main.storyboard in Resources */ = {isa = PBXBuildFile; fileRef = FCA3C36E24426E9D00DDD522 /* Main.storyboard */; };
		FCA3C37224426E9E00DDD522 /* Assets.xcassets in Resources */ = {isa = PBXBuildFile; fileRef = FCA3C37124426E9E00DDD522 /* Assets.xcassets */; };
		FCA3C37524426E9E00DDD522 /* LaunchScreen.storyboard in Resources */ = {isa = PBXBuildFile; fileRef = FCA3C37324426E9E00DDD522 /* LaunchScreen.storyboard */; };
		FCA3C38524426FED00DDD522 /* parser.m in Sources */ = {isa = PBXBuildFile; fileRef = FCA3C38324426FED00DDD522 /* parser.m */; };
		FCA3C3872442706700DDD522 /* Calibration_ViewController.swift in Sources */ = {isa = PBXBuildFile; fileRef = FCA3C3862442706700DDD522 /* Calibration_ViewController.swift */; };
/* End PBXBuildFile section */

/* Begin PBXFileReference section */
		FCA3C36524426E9C00DDD522 /* Flight_Safety_V2.app */ = {isa = PBXFileReference; explicitFileType = wrapper.application; includeInIndex = 0; path = Flight_Safety_V2.app; sourceTree = BUILT_PRODUCTS_DIR; };
		FCA3C36824426E9C00DDD522 /* AppDelegate.swift */ = {isa = PBXFileReference; lastKnownFileType = sourcecode.swift; path = AppDelegate.swift; sourceTree = "<group>"; };
		FCA3C36A24426E9C00DDD522 /* SceneDelegate.swift */ = {isa = PBXFileReference; lastKnownFileType = sourcecode.swift; path = SceneDelegate.swift; sourceTree = "<group>"; };
		FCA3C36C24426E9C00DDD522 /* ViewController.swift */ = {isa = PBXFileReference; lastKnownFileType = sourcecode.swift; path = ViewController.swift; sourceTree = "<group>"; };
		FCA3C36F24426E9D00DDD522 /* Base */ = {isa = PBXFileReference; lastKnownFileType = file.storyboard; name = Base; path = Base.lproj/Main.storyboard; sourceTree = "<group>"; };
		FCA3C37124426E9E00DDD522 /* Assets.xcassets */ = {isa = PBXFileReference; lastKnownFileType = folder.assetcatalog; path = Assets.xcassets; sourceTree = "<group>"; };
		FCA3C37424426E9E00DDD522 /* Base */ = {isa = PBXFileReference; lastKnownFileType = file.storyboard; name = Base; path = Base.lproj/LaunchScreen.storyboard; sourceTree = "<group>"; };
		FCA3C37624426E9E00DDD522 /* Info.plist */ = {isa = PBXFileReference; lastKnownFileType = text.plist.xml; path = Info.plist; sourceTree = "<group>"; };
		FCA3C38024426FEC00DDD522 /* Flight_Safety_V2-Bridging-Header.h */ = {isa = PBXFileReference; lastKnownFileType = sourcecode.c.h; path = "Flight_Safety_V2-Bridging-Header.h"; sourceTree = "<group>"; };
		FCA3C38224426FED00DDD522 /* parser.h */ = {isa = PBXFileReference; fileEncoding = 4; lastKnownFileType = sourcecode.c.h; path = parser.h; sourceTree = "<group>"; };
		FCA3C38324426FED00DDD522 /* parser.m */ = {isa = PBXFileReference; fileEncoding = 4; lastKnownFileType = sourcecode.c.objc; path = parser.m; sourceTree = "<group>"; };
		FCA3C3862442706700DDD522 /* Calibration_ViewController.swift */ = {isa = PBXFileReference; lastKnownFileType = sourcecode.swift; path = Calibration_ViewController.swift; sourceTree = "<group>"; };
/* End PBXFileReference section */

/* Begin PBXFrameworksBuildPhase section */
		FCA3C36224426E9C00DDD522 /* Frameworks */ = {
			isa = PBXFrameworksBuildPhase;
			buildActionMask = 2147483647;
			files = (
			);
			runOnlyForDeploymentPostprocessing = 0;
		};
/* End PBXFrameworksBuildPhase section */

/* Begin PBXGroup section */
		FCA3C35C24426E9C00DDD522 = {
			isa = PBXGroup;
			children = (
				FCA3C36724426E9C00DDD522 /* Flight_Safety_V2 */,
				FCA3C36624426E9C00DDD522 /* Products */,
			);
			sourceTree = "<group>";
		};
		FCA3C36624426E9C00DDD522 /* Products */ = {
			isa = PBXGroup;
			children = (
				FCA3C36524426E9C00DDD522 /* Flight_Safety_V2.app */,
			);
			name = Products;
			sourceTree = "<group>";
		};
		FCA3C36724426E9C00DDD522 /* Flight_Safety_V2 */ = {
			isa = PBXGroup;
			children = (
				FCA3C36824426E9C00DDD522 /* AppDelegate.swift */,
				FCA3C36A24426E9C00DDD522 /* SceneDelegate.swift */,
				FCA3C37F24426FCC00DDD522 /* Model */,
				FCA3C37E24426FA200DDD522 /* Controller */,
				FCA3C36E24426E9D00DDD522 /* Main.storyboard */,
				FCA3C37124426E9E00DDD522 /* Assets.xcassets */,
				FCA3C37324426E9E00DDD522 /* LaunchScreen.storyboard */,
				FCA3C37624426E9E00DDD522 /* Info.plist */,
			);
			path = Flight_Safety_V2;
			sourceTree = "<group>";
		};
		FCA3C37E24426FA200DDD522 /* Controller */ = {
			isa = PBXGroup;
			children = (
				FCA3C36C24426E9C00DDD522 /* ViewController.swift */,
				FCA3C3862442706700DDD522 /* Calibration_ViewController.swift */,
			);
			path = Controller;
			sourceTree = "<group>";
		};
		FCA3C37F24426FCC00DDD522 /* Model */ = {
			isa = PBXGroup;
			children = (
				FCA3C38224426FED00DDD522 /* parser.h */,
				FCA3C38324426FED00DDD522 /* parser.m */,
				FCA3C38024426FEC00DDD522 /* Flight_Safety_V2-Bridging-Header.h */,
			);
			path = Model;
			sourceTree = "<group>";
		};
/* End PBXGroup section */

/* Begin PBXNativeTarget section */
		FCA3C36424426E9C00DDD522 /* Flight_Safety_V2 */ = {
			isa = PBXNativeTarget;
			buildConfigurationList = FCA3C37924426E9E00DDD522 /* Build configuration list for PBXNativeTarget "Flight_Safety_V2" */;
			buildPhases = (
				FCA3C36124426E9C00DDD522 /* Sources */,
				FCA3C36224426E9C00DDD522 /* Frameworks */,
				FCA3C36324426E9C00DDD522 /* Resources */,
			);
			buildRules = (
			);
			dependencies = (
			);
			name = Flight_Safety_V2;
			productName = Flight_Safety_V2;
			productReference = FCA3C36524426E9C00DDD522 /* Flight_Safety_V2.app */;
			productType = "com.apple.product-type.application";
		};
/* End PBXNativeTarget section */

/* Begin PBXProject section */
		FCA3C35D24426E9C00DDD522 /* Project object */ = {
			isa = PBXProject;
			attributes = {
				LastSwiftUpdateCheck = 1130;
				LastUpgradeCheck = 1130;
				ORGANIZATIONNAME = "WASSIM LAGNAOUI";
				TargetAttributes = {
					FCA3C36424426E9C00DDD522 = {
						CreatedOnToolsVersion = 11.3.1;
						LastSwiftMigration = 1130;
					};
				};
			};
			buildConfigurationList = FCA3C36024426E9C00DDD522 /* Build configuration list for PBXProject "Flight_Safety_V2" */;
			compatibilityVersion = "Xcode 9.3";
			developmentRegion = en;
			hasScannedForEncodings = 0;
			knownRegions = (
				en,
				Base,
			);
			mainGroup = FCA3C35C24426E9C00DDD522;
			productRefGroup = FCA3C36624426E9C00DDD522 /* Products */;
			projectDirPath = "";
			projectRoot = "";
			targets = (
				FCA3C36424426E9C00DDD522 /* Flight_Safety_V2 */,
			);
		};
/* End PBXProject section */

/* Begin PBXResourcesBuildPhase section */
		FCA3C36324426E9C00DDD522 /* Resources */ = {
			isa = PBXResourcesBuildPhase;
			buildActionMask = 2147483647;
			files = (
				FCA3C37524426E9E00DDD522 /* LaunchScreen.storyboard in Resources */,
				FCA3C37224426E9E00DDD522 /* Assets.xcassets in Resources */,
				FCA3C37024426E9D00DDD522 /* Main.storyboard in Resources */,
			);
			runOnlyForDeploymentPostprocessing = 0;
		};
/* End PBXResourcesBuildPhase section */

/* Begin PBXSourcesBuildPhase section */
		FCA3C36124426E9C00DDD522 /* Sources */ = {
			isa = PBXSourcesBuildPhase;
			buildActionMask = 2147483647;
			files = (
				FCA3C38524426FED00DDD522 /* parser.m in Sources */,
				FCA3C36D24426E9C00DDD522 /* ViewController.swift in Sources */,
				FCA3C36924426E9C00DDD522 /* AppDelegate.swift in Sources */,
				FCA3C3872442706700DDD522 /* Calibration_ViewController.swift in Sources */,
				FCA3C36B24426E9C00DDD522 /* SceneDelegate.swift in Sources */,
			);
			runOnlyForDeploymentPostprocessing = 0;
		};
/* End PBXSourcesBuildPhase section */

/* Begin PBXVariantGroup section */
		FCA3C36E24426E9D00DDD522 /* Main.storyboard */ = {
			isa = PBXVariantGroup;
			children = (
				FCA3C36F24426E9D00DDD522 /* Base */,
			);
			name = Main.storyboard;
			sourceTree = "<group>";
		};
		FCA3C37324426E9E00DDD522 /* LaunchScreen.storyboard */ = {
			isa = PBXVariantGroup;
			children = (
				FCA3C37424426E9E00DDD522 /* Base */,
			);
			name = LaunchScreen.storyboard;
			sourceTree = "<group>";
		};
/* End PBXVariantGroup section */

/* Begin XCBuildConfiguration section */
		FCA3C37724426E9E00DDD522 /* Debug */ = {
			isa = XCBuildConfiguration;
			buildSettings = {
				ALWAYS_SEARCH_USER_PATHS = NO;
				CLANG_ANALYZER_NONNULL = YES;
				CLANG_ANALYZER_NUMBER_OBJECT_CONVERSION = YES_AGGRESSIVE;
				CLANG_CXX_LANGUAGE_STANDARD = "gnu++14";
				CLANG_CXX_LIBRARY = "libc++";
				CLANG_ENABLE_MODULES = YES;
				CLANG_ENABLE_OBJC_ARC = YES;
				CLANG_ENABLE_OBJC_WEAK = YES;
				CLANG_WARN_BLOCK_CAPTURE_AUTORELEASING = YES;
				CLANG_WARN_BOOL_CONVERSION = YES;
				CLANG_WARN_COMMA = YES;
				CLANG_WARN_CONSTANT_CONVERSION = YES;
				CLANG_WARN_DEPRECATED_OBJC_IMPLEMENTATIONS = YES;
				CLANG_WARN_DIRECT_OBJC_ISA_USAGE = YES_ERROR;
				CLANG_WARN_DOCUMENTATION_COMMENTS = YES;
				CLANG_WARN_EMPTY_BODY = YES;
				CLANG_WARN_ENUM_CONVERSION = YES;
				CLANG_WARN_INFINITE_RECURSION = YES;
				CLANG_WARN_INT_CONVERSION = YES;
				CLANG_WARN_NON_LITERAL_NULL_CONVERSION = YES;
				CLANG_WARN_OBJC_IMPLICIT_RETAIN_SELF = YES;
				CLANG_WARN_OBJC_LITERAL_CONVERSION = YES;
				CLANG_WARN_OBJC_ROOT_CLASS = YES_ERROR;
				CLANG_WARN_RANGE_LOOP_ANALYSIS = YES;
				CLANG_WARN_STRICT_PROTOTYPES = YES;
				CLANG_WARN_SUSPICIOUS_MOVE = YES;
				CLANG_WARN_UNGUARDED_AVAILABILITY = YES_AGGRESSIVE;
				CLANG_WARN_UNREACHABLE_CODE = YES;
				CLANG_WARN__DUPLICATE_METHOD_MATCH = YES;
				COPY_PHASE_STRIP = NO;
				DEBUG_INFORMATION_FORMAT = dwarf;
				ENABLE_STRICT_OBJC_MSGSEND = YES;
				ENABLE_TESTABILITY = YES;
				GCC_C_LANGUAGE_STANDARD = gnu11;
				GCC_DYNAMIC_NO_PIC = NO;
				GCC_NO_COMMON_BLOCKS = YES;
				GCC_OPTIMIZATION_LEVEL = 0;
				GCC_PREPROCESSOR_DEFINITIONS = (
					"DEBUG=1",
					"$(inherited)",
				);
				GCC_WARN_64_TO_32_BIT_CONVERSION = YES;
				GCC_WARN_ABOUT_RETURN_TYPE = YES_ERROR;
				GCC_WARN_UNDECLARED_SELECTOR = YES;
				GCC_WARN_UNINITIALIZED_AUTOS = YES_AGGRESSIVE;
				GCC_WARN_UNUSED_FUNCTION = YES;
				GCC_WARN_UNUSED_VARIABLE = YES;
				IPHONEOS_DEPLOYMENT_TARGET = 13.2;
				MTL_ENABLE_DEBUG_INFO = INCLUDE_SOURCE;
				MTL_FAST_MATH = YES;
				ONLY_ACTIVE_ARCH = YES;
				SDKROOT = iphoneos;
				SWIFT_ACTIVE_COMPILATION_CONDITIONS = DEBUG;
				SWIFT_OPTIMIZATION_LEVEL = "-Onone";
			};
			name = Debug;
		};
		FCA3C37824426E9E00DDD522 /* Release */ = {
			isa = XCBuildConfiguration;
			buildSettings = {
				ALWAYS_SEARCH_USER_PATHS = NO;
				CLANG_ANALYZER_NONNULL = YES;
				CLANG_ANALYZER_NUMBER_OBJECT_CONVERSION = YES_AGGRESSIVE;
				CLANG_CXX_LANGUAGE_STANDARD = "gnu++14";
				CLANG_CXX_LIBRARY = "libc++";
				CLANG_ENABLE_MODULES = YES;
				CLANG_ENABLE_OBJC_ARC = YES;
				CLANG_ENABLE_OBJC_WEAK = YES;
				CLANG_WARN_BLOCK_CAPTURE_AUTORELEASING = YES;
				CLANG_WARN_BOOL_CONVERSION = YES;
				CLANG_WARN_COMMA = YES;
				CLANG_WARN_CONSTANT_CONVERSION = YES;
				CLANG_WARN_DEPRECATED_OBJC_IMPLEMENTATIONS = YES;
				CLANG_WARN_DIRECT_OBJC_ISA_USAGE = YES_ERROR;
				CLANG_WARN_DOCUMENTATION_COMMENTS = YES;
				CLANG_WARN_EMPTY_BODY = YES;
				CLANG_WARN_ENUM_CONVERSION = YES;
				CLANG_WARN_INFINITE_RECURSION = YES;
				CLANG_WARN_INT_CONVERSION = YES;
				CLANG_WARN_NON_LITERAL_NULL_CONVERSION = YES;
				CLANG_WARN_OBJC_IMPLICIT_RETAIN_SELF = YES;
				CLANG_WARN_OBJC_LITERAL_CONVERSION = YES;
				CLANG_WARN_OBJC_ROOT_CLASS = YES_ERROR;
				CLANG_WARN_RANGE_LOOP_ANALYSIS = YES;
				CLANG_WARN_STRICT_PROTOTYPES = YES;
				CLANG_WARN_SUSPICIOUS_MOVE = YES;
				CLANG_WARN_UNGUARDED_AVAILABILITY = YES_AGGRESSIVE;
				CLANG_WARN_UNREACHABLE_CODE = YES;
				CLANG_WARN__DUPLICATE_METHOD_MATCH = YES;
				COPY_PHASE_STRIP = NO;
				DEBUG_INFORMATION_FORMAT = "dwarf-with-dsym";
				ENABLE_NS_ASSERTIONS = NO;
				ENABLE_STRICT_OBJC_MSGSEND = YES;
				GCC_C_LANGUAGE_STANDARD = gnu11;
				GCC_NO_COMMON_BLOCKS = YES;
				GCC_WARN_64_TO_32_BIT_CONVERSION = YES;
				GCC_WARN_ABOUT_RETURN_TYPE = YES_ERROR;
				GCC_WARN_UNDECLARED_SELECTOR = YES;
				GCC_WARN_UNINITIALIZED_AUTOS = YES_AGGRESSIVE;
				GCC_WARN_UNUSED_FUNCTION = YES;
				GCC_WARN_UNUSED_VARIABLE = YES;
				IPHONEOS_DEPLOYMENT_TARGET = 13.2;
				MTL_ENABLE_DEBUG_INFO = NO;
				MTL_FAST_MATH = YES;
				SDKROOT = iphoneos;
				SWIFT_COMPILATION_MODE = wholemodule;
				SWIFT_OPTIMIZATION_LEVEL = "-O";
				VALIDATE_PRODUCT = YES;
			};
			name = Release;
		};
		FCA3C37A24426E9E00DDD522 /* Debug */ = {
			isa = XCBuildConfiguration;
			buildSettings = {
				ASSETCATALOG_COMPILER_APPICON_NAME = AppIcon;
				CLANG_ENABLE_MODULES = YES;
				CODE_SIGN_STYLE = Automatic;
				DEVELOPMENT_TEAM = KL2CMCMZHA;
				INFOPLIST_FILE = Flight_Safety_V2/Info.plist;
				LD_RUNPATH_SEARCH_PATHS = (
					"$(inherited)",
					"@executable_path/Frameworks",
				);
				PRODUCT_BUNDLE_IDENTIFIER = "com.LagnaouiW.Flight-Safety-V2";
				PRODUCT_NAME = "$(TARGET_NAME)";
				SWIFT_OBJC_BRIDGING_HEADER = "Flight_Safety_V2/Model/Flight_Safety_V2-Bridging-Header.h";
				SWIFT_OPTIMIZATION_LEVEL = "-Onone";
				SWIFT_VERSION = 5.0;
				TARGETED_DEVICE_FAMILY = "1,2";
			};
			name = Debug;
		};
		FCA3C37B24426E9E00DDD522 /* Release */ = {
			isa = XCBuildConfiguration;
			buildSettings = {
				ASSETCATALOG_COMPILER_APPICON_NAME = AppIcon;
				CLANG_ENABLE_MODULES = YES;
				CODE_SIGN_STYLE = Automatic;
				DEVELOPMENT_TEAM = KL2CMCMZHA;
				INFOPLIST_FILE = Flight_Safety_V2/Info.plist;
				LD_RUNPATH_SEARCH_PATHS = (
					"$(inherited)",
					"@executable_path/Frameworks",
				);
				PRODUCT_BUNDLE_IDENTIFIER = "com.LagnaouiW.Flight-Safety-V2";
				PRODUCT_NAME = "$(TARGET_NAME)";
				SWIFT_OBJC_BRIDGING_HEADER = "Flight_Safety_V2/Model/Flight_Safety_V2-Bridging-Header.h";
				SWIFT_VERSION = 5.0;
				TARGETED_DEVICE_FAMILY = "1,2";
			};
			name = Release;
		};
/* End XCBuildConfiguration section */

/* Begin XCConfigurationList section */
		FCA3C36024426E9C00DDD522 /* Build configuration list for PBXProject "Flight_Safety_V2" */ = {
			isa = XCConfigurationList;
			buildConfigurations = (
				FCA3C37724426E9E00DDD522 /* Debug */,
				FCA3C37824426E9E00DDD522 /* Release */,
			);
			defaultConfigurationIsVisible = 0;
			defaultConfigurationName = Release;
		};
		FCA3C37924426E9E00DDD522 /* Build configuration list for PBXNativeTarget "Flight_Safety_V2" */ = {
			isa = XCConfigurationList;
			buildConfigurations = (
				FCA3C37A24426E9E00DDD522 /* Debug */,
				FCA3C37B24426E9E00DDD522 /* Release */,
			);
			defaultConfigurationIsVisible = 0;
			defaultConfigurationName = Release;
		};
/* End XCConfigurationList section */
	};
	rootObject = FCA3C35D24426E9C00DDD522 /* Project object */;
}
